
Microsoft Visual Studio Solution File, Format Version 12.00
# Visual Studio 15
VisualStudioVersion = 15.0.26430.16
MinimumVisualStudioVersion = 10.0.40219.1
Project("{8BC9CEB8-8B4A-11D0-8D11-00A0C91BC942}") = "ch2_ex2_1", "ch2_ex2_1\ch2_ex2_1.vcxproj", "{E98A5FC3-1E7B-49BA-B1EE-E4C5BCF5CB7C}"
EndProject
Project("{8BC9CEB8-8B4A-11D0-8D11-00A0C91BC942}") = "ch2_ex2_2", "ch2_ex2_2\ch2_ex2_2.vcxproj", "{B118CECD-4FFB-4F26-9328-BD3307F58E2F}"
EndProject
Project("{8BC9CEB8-8B4A-11D0-8D11-00A0C91BC942}") = "ch2_ex2_3", "ch2_ex2_3\ch2_ex2_3.vcxproj", "{213C7264-9192-4CE9-BAA7-6AB2FB1D3EA7}"
EndProject
Project("{8BC9CEB8-8B4A-11D0-8D11-00A0C91BC942}") = "ch2_ex2_4", "ch2_ex2_4\ch2_ex2_4.vcxproj", "{D39757B7-2972-401B-8AA6-C983F454E1B7}"
EndProject
Project("{8BC9CEB8-8B4A-11D0-8D11-00A0C91BC942}") = "ch2_ex2_5", "ch2_ex2_5\ch2_ex2_5.vcxproj", "{B16B4234-834C-4D69-9944-170BE4209B68}"
EndProject
Project("{8BC9CEB8-8B4A-11D0-8D11-00A0C91BC942}") = "ch2_ex2_6", "ch2_ex2_6\ch2_ex2_6.vcxproj", "{0C58F2B9-448B-4DDD-824F-A559872CF5A1}"
EndProject
Project("{8BC9CEB8-8B4A-11D0-8D11-00A0C91BC942}") = "ch2_ex2_7", "ch2_ex2_7\ch2_ex2_7.vcxproj", "{C92199DC-A5F6-42CC-951A-0A20088CAA00}"
EndProject
Project("{8BC9CEB8-8B4A-11D0-8D11-00A0C91BC942}") = "ch2_ex2_8", "ch2_ex2_8\ch2_ex2_8.vcxproj", "{A349F565-7377-4B90-A536-8EAAC953C46B}"
EndProject
Project("{8BC9CEB8-8B4A-11D0-8D11-00A0C91BC942}") = "ch2_ex2_9", "ch2_ex2_9\ch2_ex2_9.vcxproj", "{664A9C4A-FC57-4695-B8FB-3E514E2A24B6}"
EndProject
Project("{8BC9CEB8-8B4A-11D0-8D11-00A0C91BC942}") = "ch2_ex2_10", "ch2_ex2_10\ch2_ex2_10.vcxproj", "{DAE1B2DA-2A68-4280-BB76-45E699B0A12C}"
EndProject
Project("{8BC9CEB8-8B4A-11D0-8D11-00A0C91BC942}") = "ch3_ex3_3", "ch3_ex3_3\ch3_ex3_3.vcxproj", "{5C4ADD40-4B93-4955-A39D-8A7AC536192A}"
EndProject
Project("{8BC9CEB8-8B4A-11D0-8D11-00A0C91BC942}") = "ch3_ex3_4", "ch3_ex3_4\ch3_ex3_4.vcxproj", "{836BBA67-A624-42F0-8A7C-18288542B0E9}"
EndProject
Project("{8BC9CEB8-8B4A-11D0-8D11-00A0C91BC942}") = "ch3_ex3_5", "ch3_ex3_5\ch3_ex3_5.vcxproj", "{B08BBA12-3497-4AC1-9FD0-934B963B9560}"
EndProject
Project("{8BC9CEB8-8B4A-11D0-8D11-00A0C91BC942}") = "ch3_ex3_9", "ch3_ex3_9\ch3_ex3_9.vcxproj", "{CB709569-97A0-427C-B341-4AA55D572D1B}"
EndProject
Global
	GlobalSection(SolutionConfigurationPlatforms) = preSolution
		Debug|x64 = Debug|x64
		Debug|x86 = Debug|x86
		Release|x64 = Release|x64
		Release|x86 = Release|x86
	EndGlobalSection
	GlobalSection(ProjectConfigurationPlatforms) = postSolution
		{E98A5FC3-1E7B-49BA-B1EE-E4C5BCF5CB7C}.Debug|x64.ActiveCfg = Debug|x64
		{E98A5FC3-1E7B-49BA-B1EE-E4C5BCF5CB7C}.Debug|x64.Build.0 = Debug|x64
		{E98A5FC3-1E7B-49BA-B1EE-E4C5BCF5CB7C}.Debug|x86.ActiveCfg = Debug|Win32
		{E98A5FC3-1E7B-49BA-B1EE-E4C5BCF5CB7C}.Debug|x86.Build.0 = Debug|Win32
		{E98A5FC3-1E7B-49BA-B1EE-E4C5BCF5CB7C}.Release|x64.ActiveCfg = Release|x64
		{E98A5FC3-1E7B-49BA-B1EE-E4C5BCF5CB7C}.Release|x64.Build.0 = Release|x64
		{E98A5FC3-1E7B-49BA-B1EE-E4C5BCF5CB7C}.Release|x86.ActiveCfg = Release|Win32
		{E98A5FC3-1E7B-49BA-B1EE-E4C5BCF5CB7C}.Release|x86.Build.0 = Release|Win32
		{B118CECD-4FFB-4F26-9328-BD3307F58E2F}.Debug|x64.ActiveCfg = Debug|x64
		{B118CECD-4FFB-4F26-9328-BD3307F58E2F}.Debug|x64.Build.0 = Debug|x64
		{B118CECD-4FFB-4F26-9328-BD3307F58E2F}.Debug|x86.ActiveCfg = Debug|Win32
		{B118CECD-4FFB-4F26-9328-BD3307F58E2F}.Debug|x86.Build.0 = Debug|Win32
		{B118CECD-4FFB-4F26-9328-BD3307F58E2F}.Release|x64.ActiveCfg = Release|x64
		{B118CECD-4FFB-4F26-9328-BD3307F58E2F}.Release|x64.Build.0 = Release|x64
		{B118CECD-4FFB-4F26-9328-BD3307F58E2F}.Release|x86.ActiveCfg = Release|Win32
		{B118CECD-4FFB-4F26-9328-BD3307F58E2F}.Release|x86.Build.0 = Release|Win32
		{213C7264-9192-4CE9-BAA7-6AB2FB1D3EA7}.Debug|x64.ActiveCfg = Debug|x64
		{213C7264-9192-4CE9-BAA7-6AB2FB1D3EA7}.Debug|x64.Build.0 = Debug|x64
		{213C7264-9192-4CE9-BAA7-6AB2FB1D3EA7}.Debug|x86.ActiveCfg = Debug|Win32
		{213C7264-9192-4CE9-BAA7-6AB2FB1D3EA7}.Debug|x86.Build.0 = Debug|Win32
		{213C7264-9192-4CE9-BAA7-6AB2FB1D3EA7}.Release|x64.ActiveCfg = Release|x64
		{213C7264-9192-4CE9-BAA7-6AB2FB1D3EA7}.Release|x64.Build.0 = Release|x64
		{213C7264-9192-4CE9-BAA7-6AB2FB1D3EA7}.Release|x86.ActiveCfg = Release|Win32
		{213C7264-9192-4CE9-BAA7-6AB2FB1D3EA7}.Release|x86.Build.0 = Release|Win32
		{D39757B7-2972-401B-8AA6-C983F454E1B7}.Debug|x64.ActiveCfg = Debug|x64
		{D39757B7-2972-401B-8AA6-C983F454E1B7}.Debug|x64.Build.0 = Debug|x64
		{D39757B7-2972-401B-8AA6-C983F454E1B7}.Debug|x86.ActiveCfg = Debug|Win32
		{D39757B7-2972-401B-8AA6-C983F454E1B7}.Debug|x86.Build.0 = Debug|Win32
		{D39757B7-2972-401B-8AA6-C983F454E1B7}.Release|x64.ActiveCfg = Release|x64
		{D39757B7-2972-401B-8AA6-C983F454E1B7}.Release|x64.Build.0 = Release|x64
		{D39757B7-2972-401B-8AA6-C983F454E1B7}.Release|x86.ActiveCfg = Release|Win32
		{D39757B7-2972-401B-8AA6-C983F454E1B7}.Release|x86.Build.0 = Release|Win32
		{B16B4234-834C-4D69-9944-170BE4209B68}.Debug|x64.ActiveCfg = Debug|x64
		{B16B4234-834C-4D69-9944-170BE4209B68}.Debug|x64.Build.0 = Debug|x64
		{B16B4234-834C-4D69-9944-170BE4209B68}.Debug|x86.ActiveCfg = Debug|Win32
		{B16B4234-834C-4D69-9944-170BE4209B68}.Debug|x86.Build.0 = Debug|Win32
		{B16B4234-834C-4D69-9944-170BE4209B68}.Release|x64.ActiveCfg = Release|x64
		{B16B4234-834C-4D69-9944-170BE4209B68}.Release|x64.Build.0 = Release|x64
		{B16B4234-834C-4D69-9944-170BE4209B68}.Release|x86.ActiveCfg = Release|Win32
		{B16B4234-834C-4D69-9944-170BE4209B68}.Release|x86.Build.0 = Release|Win32
		{0C58F2B9-448B-4DDD-824F-A559872CF5A1}.Debug|x64.ActiveCfg = Debug|x64
		{0C58F2B9-448B-4DDD-824F-A559872CF5A1}.Debug|x64.Build.0 = Debug|x64
		{0C58F2B9-448B-4DDD-824F-A559872CF5A1}.Debug|x86.ActiveCfg = Debug|Win32
		{0C58F2B9-448B-4DDD-824F-A559872CF5A1}.Debug|x86.Build.0 = Debug|Win32
		{0C58F2B9-448B-4DDD-824F-A559872CF5A1}.Release|x64.ActiveCfg = Release|x64
		{0C58F2B9-448B-4DDD-824F-A559872CF5A1}.Release|x64.Build.0 = Release|x64
		{0C58F2B9-448B-4DDD-824F-A559872CF5A1}.Release|x86.ActiveCfg = Release|Win32
		{0C58F2B9-448B-4DDD-824F-A559872CF5A1}.Release|x86.Build.0 = Release|Win32
		{C92199DC-A5F6-42CC-951A-0A20088CAA00}.Debug|x64.ActiveCfg = Debug|x64
		{C92199DC-A5F6-42CC-951A-0A20088CAA00}.Debug|x64.Build.0 = Debug|x64
		{C92199DC-A5F6-42CC-951A-0A20088CAA00}.Debug|x86.ActiveCfg = Debug|Win32
		{C92199DC-A5F6-42CC-951A-0A20088CAA00}.Debug|x86.Build.0 = Debug|Win32
		{C92199DC-A5F6-42CC-951A-0A20088CAA00}.Release|x64.ActiveCfg = Release|x64
		{C92199DC-A5F6-42CC-951A-0A20088CAA00}.Release|x64.Build.0 = Release|x64
		{C92199DC-A5F6-42CC-951A-0A20088CAA00}.Release|x86.ActiveCfg = Release|Win32
		{C92199DC-A5F6-42CC-951A-0A20088CAA00}.Release|x86.Build.0 = Release|Win32
		{A349F565-7377-4B90-A536-8EAAC953C46B}.Debug|x64.ActiveCfg = Debug|x64
		{A349F565-7377-4B90-A536-8EAAC953C46B}.Debug|x64.Build.0 = Debug|x64
		{A349F565-7377-4B90-A536-8EAAC953C46B}.Debug|x86.ActiveCfg = Debug|Win32
		{A349F565-7377-4B90-A536-8EAAC953C46B}.Debug|x86.Build.0 = Debug|Win32
		{A349F565-7377-4B90-A536-8EAAC953C46B}.Release|x64.ActiveCfg = Release|x64
		{A349F565-7377-4B90-A536-8EAAC953C46B}.Release|x64.Build.0 = Release|x64
		{A349F565-7377-4B90-A536-8EAAC953C46B}.Release|x86.ActiveCfg = Release|Win32
		{A349F565-7377-4B90-A536-8EAAC953C46B}.Release|x86.Build.0 = Release|Win32
		{664A9C4A-FC57-4695-B8FB-3E514E2A24B6}.Debug|x64.ActiveCfg = Debug|x64
		{664A9C4A-FC57-4695-B8FB-3E514E2A24B6}.Debug|x64.Build.0 = Debug|x64
		{664A9C4A-FC57-4695-B8FB-3E514E2A24B6}.Debug|x86.ActiveCfg = Debug|Win32
		{664A9C4A-FC57-4695-B8FB-3E514E2A24B6}.Debug|x86.Build.0 = Debug|Win32
		{664A9C4A-FC57-4695-B8FB-3E514E2A24B6}.Release|x64.ActiveCfg = Release|x64
		{664A9C4A-FC57-4695-B8FB-3E514E2A24B6}.Release|x64.Build.0 = Release|x64
		{664A9C4A-FC57-4695-B8FB-3E514E2A24B6}.Release|x86.ActiveCfg = Release|Win32
		{664A9C4A-FC57-4695-B8FB-3E514E2A24B6}.Release|x86.Build.0 = Release|Win32
		{DAE1B2DA-2A68-4280-BB76-45E699B0A12C}.Debug|x64.ActiveCfg = Debug|x64
		{DAE1B2DA-2A68-4280-BB76-45E699B0A12C}.Debug|x64.Build.0 = Debug|x64
		{DAE1B2DA-2A68-4280-BB76-45E699B0A12C}.Debug|x86.ActiveCfg = Debug|Win32
		{DAE1B2DA-2A68-4280-BB76-45E699B0A12C}.Debug|x86.Build.0 = Debug|Win32
		{DAE1B2DA-2A68-4280-BB76-45E699B0A12C}.Release|x64.ActiveCfg = Release|x64
		{DAE1B2DA-2A68-4280-BB76-45E699B0A12C}.Release|x64.Build.0 = Release|x64
		{DAE1B2DA-2A68-4280-BB76-45E699B0A12C}.Release|x86.ActiveCfg = Release|Win32
		{DAE1B2DA-2A68-4280-BB76-45E699B0A12C}.Release|x86.Build.0 = Release|Win32
		{5C4ADD40-4B93-4955-A39D-8A7AC536192A}.Debug|x64.ActiveCfg = Debug|x64
		{5C4ADD40-4B93-4955-A39D-8A7AC536192A}.Debug|x64.Build.0 = Debug|x64
		{5C4ADD40-4B93-4955-A39D-8A7AC536192A}.Debug|x86.ActiveCfg = Debug|Win32
		{5C4ADD40-4B93-4955-A39D-8A7AC536192A}.Debug|x86.Build.0 = Debug|Win32
		{5C4ADD40-4B93-4955-A39D-8A7AC536192A}.Release|x64.ActiveCfg = Release|x64
		{5C4ADD40-4B93-4955-A39D-8A7AC536192A}.Release|x64.Build.0 = Release|x64
		{5C4ADD40-4B93-4955-A39D-8A7AC536192A}.Release|x86.ActiveCfg = Release|Win32
		{5C4ADD40-4B93-4955-A39D-8A7AC536192A}.Release|x86.Build.0 = Release|Win32
		{836BBA67-A624-42F0-8A7C-18288542B0E9}.Debug|x64.ActiveCfg = Debug|x64
		{836BBA67-A624-42F0-8A7C-18288542B0E9}.Debug|x64.Build.0 = Debug|x64
		{836BBA67-A624-42F0-8A7C-18288542B0E9}.Debug|x86.ActiveCfg = Debug|Win32
		{836BBA67-A624-42F0-8A7C-18288542B0E9}.Debug|x86.Build.0 = Debug|Win32
		{836BBA67-A624-42F0-8A7C-18288542B0E9}.Release|x64.ActiveCfg = Release|x64
		{836BBA67-A624-42F0-8A7C-18288542B0E9}.Release|x64.Build.0 = Release|x64
		{836BBA67-A624-42F0-8A7C-18288542B0E9}.Release|x86.ActiveCfg = Release|Win32
		{836BBA67-A624-42F0-8A7C-18288542B0E9}.Release|x86.Build.0 = Release|Win32
		{B08BBA12-3497-4AC1-9FD0-934B963B9560}.Debug|x64.ActiveCfg = Debug|x64
		{B08BBA12-3497-4AC1-9FD0-934B963B9560}.Debug|x64.Build.0 = Debug|x64
		{B08BBA12-3497-4AC1-9FD0-934B963B9560}.Debug|x86.ActiveCfg = Debug|Win32
		{B08BBA12-3497-4AC1-9FD0-934B963B9560}.Debug|x86.Build.0 = Debug|Win32
		{B08BBA12-3497-4AC1-9FD0-934B963B9560}.Release|x64.ActiveCfg = Release|x64
		{B08BBA12-3497-4AC1-9FD0-934B963B9560}.Release|x64.Build.0 = Release|x64
		{B08BBA12-3497-4AC1-9FD0-934B963B9560}.Release|x86.ActiveCfg = Release|Win32
		{B08BBA12-3497-4AC1-9FD0-934B963B9560}.Release|x86.Build.0 = Release|Win32
		{CB709569-97A0-427C-B341-4AA55D572D1B}.Debug|x64.ActiveCfg = Debug|x64
		{CB709569-97A0-427C-B341-4AA55D572D1B}.Debug|x64.Build.0 = Debug|x64
		{CB709569-97A0-427C-B341-4AA55D572D1B}.Debug|x86.ActiveCfg = Debug|Win32
		{CB709569-97A0-427C-B341-4AA55D572D1B}.Debug|x86.Build.0 = Debug|Win32
		{CB709569-97A0-427C-B341-4AA55D572D1B}.Release|x64.ActiveCfg = Release|x64
		{CB709569-97A0-427C-B341-4AA55D572D1B}.Release|x64.Build.0 = Release|x64
		{CB709569-97A0-427C-B341-4AA55D572D1B}.Release|x86.ActiveCfg = Release|Win32
		{CB709569-97A0-427C-B341-4AA55D572D1B}.Release|x86.Build.0 = Release|Win32
	EndGlobalSection
	GlobalSection(SolutionProperties) = preSolution
		HideSolutionNode = FALSE
	EndGlobalSection
EndGlobal
